
Microsoft Visual Studio Solution File, Format Version 12.00
# Visual Studio 15
VisualStudioVersion = 15.0.28307.902
MinimumVisualStudioVersion = 10.0.40219.1
Project("{9A19103F-16F7-4668-BE54-9A1E7A4F7556}") = "Digi21.DigiNG.IO.Geomedia", "Digi21.DigiNG.IO.Geomedia\Digi21.DigiNG.IO.Geomedia.csproj", "{56C01C61-8A5D-4E6E-936A-3D53642C0653}"
EndProject
Global
	GlobalSection(SolutionConfigurationPlatforms) = preSolution
		Debug|Any CPU = Debug|Any CPU
		Release|Any CPU = Release|Any CPU
	EndGlobalSection
	GlobalSection(ProjectConfigurationPlatforms) = postSolution
		{56C01C61-8A5D-4E6E-936A-3D53642C0653}.Debug|Any CPU.ActiveCfg = Debug|Any CPU
		{56C01C61-8A5D-4E6E-936A-3D53642C0653}.Debug|Any CPU.Build.0 = Debug|Any CPU
		{56C01C61-8A5D-4E6E-936A-3D53642C0653}.Release|Any CPU.ActiveCfg = Release|Any CPU
		{56C01C61-8A5D-4E6E-936A-3D53642C0653}.Release|Any CPU.Build.0 = Release|Any CPU
	EndGlobalSection
	GlobalSection(SolutionProperties) = preSolution
		HideSolutionNode = FALSE
	EndGlobalSection
	GlobalSection(ExtensibilityGlobals) = postSolution
		SolutionGuid = {195FD557-2B0A-4CCB-BB30-82699B86F8E5}
	EndGlobalSection
EndGlobal
